
Microsoft Visual Studio Solution File, Format Version 12.00
# Visual Studio Version 17
VisualStudioVersion = 17.0.31903.59
MinimumVisualStudioVersion = 10.0.40219.1
Project("{FAE04EC0-301F-11D3-BF4B-00C04F79EFBC}") = "StudentEfCoreDemo.API", "StudentEfCoreDemo.API\StudentEfCoreDemo.API.csproj", "{0F6ADB31-D0AA-4D0B-BE9D-E9C0B8220DC2}"
EndProject
Project("{FAE04EC0-301F-11D3-BF4B-00C04F79EFBC}") = "StudentEfCoreDemo.Application", "StudentEfCoreDemo.Application\StudentEfCoreDemo.Application.csproj", "{9515509A-9FBA-4E45-8C61-7F3423BC93DF}"
EndProject
Project("{FAE04EC0-301F-11D3-BF4B-00C04F79EFBC}") = "StudentEfCoreDemo.Domain", "StudentEfCoreDemo.Domain\StudentEfCoreDemo.Domain.csproj", "{1A15A765-9C38-4ADC-831F-1A78F7504399}"
EndProject
Project("{FAE04EC0-301F-11D3-BF4B-00C04F79EFBC}") = "StudentEfCoreDemo.Infrastructure", "StudentEfCoreDemo.Infrastructure\StudentEfCoreDemo.Infrastructure.csproj", "{B1D727D1-FB3A-4879-9057-1A5D90B7F6EE}"
EndProject
Project("{FAE04EC0-301F-11D3-BF4B-00C04F79EFBC}") = "StudentEfCoreDemo.Tests", "StudentEfCoreDemo.Tests\StudentEfCoreDemo.Tests.csproj", "{D06403FD-B885-48CD-B5C8-A347174B793E}"
EndProject
Global
	GlobalSection(SolutionConfigurationPlatforms) = preSolution
		Debug|Any CPU = Debug|Any CPU
		Debug|x64 = Debug|x64
		Debug|x86 = Debug|x86
		Release|Any CPU = Release|Any CPU
		Release|x64 = Release|x64
		Release|x86 = Release|x86
	EndGlobalSection
	GlobalSection(ProjectConfigurationPlatforms) = postSolution
		{0F6ADB31-D0AA-4D0B-BE9D-E9C0B8220DC2}.Debug|Any CPU.ActiveCfg = Debug|Any CPU
		{0F6ADB31-D0AA-4D0B-BE9D-E9C0B8220DC2}.Debug|Any CPU.Build.0 = Debug|Any CPU
		{0F6ADB31-D0AA-4D0B-BE9D-E9C0B8220DC2}.Debug|x64.ActiveCfg = Debug|Any CPU
		{0F6ADB31-D0AA-4D0B-BE9D-E9C0B8220DC2}.Debug|x64.Build.0 = Debug|Any CPU
		{0F6ADB31-D0AA-4D0B-BE9D-E9C0B8220DC2}.Debug|x86.ActiveCfg = Debug|Any CPU
		{0F6ADB31-D0AA-4D0B-BE9D-E9C0B8220DC2}.Debug|x86.Build.0 = Debug|Any CPU
		{0F6ADB31-D0AA-4D0B-BE9D-E9C0B8220DC2}.Release|Any CPU.ActiveCfg = Release|Any CPU
		{0F6ADB31-D0AA-4D0B-BE9D-E9C0B8220DC2}.Release|Any CPU.Build.0 = Release|Any CPU
		{0F6ADB31-D0AA-4D0B-BE9D-E9C0B8220DC2}.Release|x64.ActiveCfg = Release|Any CPU
		{0F6ADB31-D0AA-4D0B-BE9D-E9C0B8220DC2}.Release|x64.Build.0 = Release|Any CPU
		{0F6ADB31-D0AA-4D0B-BE9D-E9C0B8220DC2}.Release|x86.ActiveCfg = Release|Any CPU
		{0F6ADB31-D0AA-4D0B-BE9D-E9C0B8220DC2}.Release|x86.Build.0 = Release|Any CPU
		{9515509A-9FBA-4E45-8C61-7F3423BC93DF}.Debug|Any CPU.ActiveCfg = Debug|Any CPU
		{9515509A-9FBA-4E45-8C61-7F3423BC93DF}.Debug|Any CPU.Build.0 = Debug|Any CPU
		{9515509A-9FBA-4E45-8C61-7F3423BC93DF}.Debug|x64.ActiveCfg = Debug|Any CPU
		{9515509A-9FBA-4E45-8C61-7F3423BC93DF}.Debug|x64.Build.0 = Debug|Any CPU
		{9515509A-9FBA-4E45-8C61-7F3423BC93DF}.Debug|x86.ActiveCfg = Debug|Any CPU
		{9515509A-9FBA-4E45-8C61-7F3423BC93DF}.Debug|x86.Build.0 = Debug|Any CPU
		{9515509A-9FBA-4E45-8C61-7F3423BC93DF}.Release|Any CPU.ActiveCfg = Release|Any CPU
		{9515509A-9FBA-4E45-8C61-7F3423BC93DF}.Release|Any CPU.Build.0 = Release|Any CPU
		{9515509A-9FBA-4E45-8C61-7F3423BC93DF}.Release|x64.ActiveCfg = Release|Any CPU
		{9515509A-9FBA-4E45-8C61-7F3423BC93DF}.Release|x64.Build.0 = Release|Any CPU
		{9515509A-9FBA-4E45-8C61-7F3423BC93DF}.Release|x86.ActiveCfg = Release|Any CPU
		{9515509A-9FBA-4E45-8C61-7F3423BC93DF}.Release|x86.Build.0 = Release|Any CPU
		{1A15A765-9C38-4ADC-831F-1A78F7504399}.Debug|Any CPU.ActiveCfg = Debug|Any CPU
		{1A15A765-9C38-4ADC-831F-1A78F7504399}.Debug|Any CPU.Build.0 = Debug|Any CPU
		{1A15A765-9C38-4ADC-831F-1A78F7504399}.Debug|x64.ActiveCfg = Debug|Any CPU
		{1A15A765-9C38-4ADC-831F-1A78F7504399}.Debug|x64.Build.0 = Debug|Any CPU
		{1A15A765-9C38-4ADC-831F-1A78F7504399}.Debug|x86.ActiveCfg = Debug|Any CPU
		{1A15A765-9C38-4ADC-831F-1A78F7504399}.Debug|x86.Build.0 = Debug|Any CPU
		{1A15A765-9C38-4ADC-831F-1A78F7504399}.Release|Any CPU.ActiveCfg = Release|Any CPU
		{1A15A765-9C38-4ADC-831F-1A78F7504399}.Release|Any CPU.Build.0 = Release|Any CPU
		{1A15A765-9C38-4ADC-831F-1A78F7504399}.Release|x64.ActiveCfg = Release|Any CPU
		{1A15A765-9C38-4ADC-831F-1A78F7504399}.Release|x64.Build.0 = Release|Any CPU
		{1A15A765-9C38-4ADC-831F-1A78F7504399}.Release|x86.ActiveCfg = Release|Any CPU
		{1A15A765-9C38-4ADC-831F-1A78F7504399}.Release|x86.Build.0 = Release|Any CPU
		{B1D727D1-FB3A-4879-9057-1A5D90B7F6EE}.Debug|Any CPU.ActiveCfg = Debug|Any CPU
		{B1D727D1-FB3A-4879-9057-1A5D90B7F6EE}.Debug|Any CPU.Build.0 = Debug|Any CPU
		{B1D727D1-FB3A-4879-9057-1A5D90B7F6EE}.Debug|x64.ActiveCfg = Debug|Any CPU
		{B1D727D1-FB3A-4879-9057-1A5D90B7F6EE}.Debug|x64.Build.0 = Debug|Any CPU
		{B1D727D1-FB3A-4879-9057-1A5D90B7F6EE}.Debug|x86.ActiveCfg = Debug|Any CPU
		{B1D727D1-FB3A-4879-9057-1A5D90B7F6EE}.Debug|x86.Build.0 = Debug|Any CPU
		{B1D727D1-FB3A-4879-9057-1A5D90B7F6EE}.Release|Any CPU.ActiveCfg = Release|Any CPU
		{B1D727D1-FB3A-4879-9057-1A5D90B7F6EE}.Release|Any CPU.Build.0 = Release|Any CPU
		{B1D727D1-FB3A-4879-9057-1A5D90B7F6EE}.Release|x64.ActiveCfg = Release|Any CPU
		{B1D727D1-FB3A-4879-9057-1A5D90B7F6EE}.Release|x64.Build.0 = Release|Any CPU
		{B1D727D1-FB3A-4879-9057-1A5D90B7F6EE}.Release|x86.ActiveCfg = Release|Any CPU
		{B1D727D1-FB3A-4879-9057-1A5D90B7F6EE}.Release|x86.Build.0 = Release|Any CPU
		{D06403FD-B885-48CD-B5C8-A347174B793E}.Debug|Any CPU.ActiveCfg = Debug|Any CPU
		{D06403FD-B885-48CD-B5C8-A347174B793E}.Debug|Any CPU.Build.0 = Debug|Any CPU
		{D06403FD-B885-48CD-B5C8-A347174B793E}.Debug|x64.ActiveCfg = Debug|Any CPU
		{D06403FD-B885-48CD-B5C8-A347174B793E}.Debug|x64.Build.0 = Debug|Any CPU
		{D06403FD-B885-48CD-B5C8-A347174B793E}.Debug|x86.ActiveCfg = Debug|Any CPU
		{D06403FD-B885-48CD-B5C8-A347174B793E}.Debug|x86.Build.0 = Debug|Any CPU
		{D06403FD-B885-48CD-B5C8-A347174B793E}.Release|Any CPU.ActiveCfg = Release|Any CPU
		{D06403FD-B885-48CD-B5C8-A347174B793E}.Release|Any CPU.Build.0 = Release|Any CPU
		{D06403FD-B885-48CD-B5C8-A347174B793E}.Release|x64.ActiveCfg = Release|Any CPU
		{D06403FD-B885-48CD-B5C8-A347174B793E}.Release|x64.Build.0 = Release|Any CPU
		{D06403FD-B885-48CD-B5C8-A347174B793E}.Release|x86.ActiveCfg = Release|Any CPU
		{D06403FD-B885-48CD-B5C8-A347174B793E}.Release|x86.Build.0 = Release|Any CPU
	EndGlobalSection
	GlobalSection(SolutionProperties) = preSolution
		HideSolutionNode = FALSE
	EndGlobalSection
EndGlobal
